// !$*UTF8*$!
{
	archiveVersion = 1;
	classes = {
	};
	objectVersion = 56;
	objects = {

/* Begin PBXBuildFile section */
		5632E64D2AA577FD00728F87 /* AppDelegate.swift in Sources */ = {isa = PBXBuildFile; fileRef = 5632E64C2AA577FD00728F87 /* AppDelegate.swift */; };
		5632E64F2AA577FD00728F87 /* SceneDelegate.swift in Sources */ = {isa = PBXBuildFile; fileRef = 5632E64E2AA577FD00728F87 /* SceneDelegate.swift */; };
		5632E6512AA577FD00728F87 /* ViewController.swift in Sources */ = {isa = PBXBuildFile; fileRef = 5632E6502AA577FD00728F87 /* ViewController.swift */; };
		5632E6542AA577FD00728F87 /* Main.storyboard in Resources */ = {isa = PBXBuildFile; fileRef = 5632E6522AA577FD00728F87 /* Main.storyboard */; };
		5632E6562AA5780100728F87 /* Assets.xcassets in Resources */ = {isa = PBXBuildFile; fileRef = 5632E6552AA5780100728F87 /* Assets.xcassets */; };
		5632E6592AA5780100728F87 /* LaunchScreen.storyboard in Resources */ = {isa = PBXBuildFile; fileRef = 5632E6572AA5780100728F87 /* LaunchScreen.storyboard */; };
		5632E6642AA5780100728F87 /* MyTubeTests.swift in Sources */ = {isa = PBXBuildFile; fileRef = 5632E6632AA5780100728F87 /* MyTubeTests.swift */; };
		5632E66E2AA5780100728F87 /* MyTubeUITests.swift in Sources */ = {isa = PBXBuildFile; fileRef = 5632E66D2AA5780100728F87 /* MyTubeUITests.swift */; };
		5632E6702AA5780100728F87 /* MyTubeUITestsLaunchTests.swift in Sources */ = {isa = PBXBuildFile; fileRef = 5632E66F2AA5780100728F87 /* MyTubeUITestsLaunchTests.swift */; };
/* End PBXBuildFile section */

/* Begin PBXContainerItemProxy section */
		5632E6602AA5780100728F87 /* PBXContainerItemProxy */ = {
			isa = PBXContainerItemProxy;
			containerPortal = 5632E6412AA577FD00728F87 /* Project object */;
			proxyType = 1;
			remoteGlobalIDString = 5632E6482AA577FD00728F87;
			remoteInfo = MyTube;
		};
		5632E66A2AA5780100728F87 /* PBXContainerItemProxy */ = {
			isa = PBXContainerItemProxy;
			containerPortal = 5632E6412AA577FD00728F87 /* Project object */;
			proxyType = 1;
			remoteGlobalIDString = 5632E6482AA577FD00728F87;
			remoteInfo = MyTube;
		};
/* End PBXContainerItemProxy section */

/* Begin PBXFileReference section */
		5632E6492AA577FD00728F87 /* MyTube.app */ = {isa = PBXFileReference; explicitFileType = wrapper.application; includeInIndex = 0; path = MyTube.app; sourceTree = BUILT_PRODUCTS_DIR; };
		5632E64C2AA577FD00728F87 /* AppDelegate.swift */ = {isa = PBXFileReference; lastKnownFileType = sourcecode.swift; path = AppDelegate.swift; sourceTree = "<group>"; };
		5632E64E2AA577FD00728F87 /* SceneDelegate.swift */ = {isa = PBXFileReference; lastKnownFileType = sourcecode.swift; path = SceneDelegate.swift; sourceTree = "<group>"; };
		5632E6502AA577FD00728F87 /* ViewController.swift */ = {isa = PBXFileReference; lastKnownFileType = sourcecode.swift; path = ViewController.swift; sourceTree = "<group>"; };
		5632E6532AA577FD00728F87 /* Base */ = {isa = PBXFileReference; lastKnownFileType = file.storyboard; name = Base; path = Base.lproj/Main.storyboard; sourceTree = "<group>"; };
		5632E6552AA5780100728F87 /* Assets.xcassets */ = {isa = PBXFileReference; lastKnownFileType = folder.assetcatalog; path = Assets.xcassets; sourceTree = "<group>"; };
		5632E6582AA5780100728F87 /* Base */ = {isa = PBXFileReference; lastKnownFileType = file.storyboard; name = Base; path = Base.lproj/LaunchScreen.storyboard; sourceTree = "<group>"; };
		5632E65A2AA5780100728F87 /* Info.plist */ = {isa = PBXFileReference; lastKnownFileType = text.plist.xml; path = Info.plist; sourceTree = "<group>"; };
		5632E65F2AA5780100728F87 /* MyTubeTests.xctest */ = {isa = PBXFileReference; explicitFileType = wrapper.cfbundle; includeInIndex = 0; path = MyTubeTests.xctest; sourceTree = BUILT_PRODUCTS_DIR; };
		5632E6632AA5780100728F87 /* MyTubeTests.swift */ = {isa = PBXFileReference; lastKnownFileType = sourcecode.swift; path = MyTubeTests.swift; sourceTree = "<group>"; };
		5632E6692AA5780100728F87 /* MyTubeUITests.xctest */ = {isa = PBXFileReference; explicitFileType = wrapper.cfbundle; includeInIndex = 0; path = MyTubeUITests.xctest; sourceTree = BUILT_PRODUCTS_DIR; };
		5632E66D2AA5780100728F87 /* MyTubeUITests.swift */ = {isa = PBXFileReference; lastKnownFileType = sourcecode.swift; path = MyTubeUITests.swift; sourceTree = "<group>"; };
		5632E66F2AA5780100728F87 /* MyTubeUITestsLaunchTests.swift */ = {isa = PBXFileReference; lastKnownFileType = sourcecode.swift; path = MyTubeUITestsLaunchTests.swift; sourceTree = "<group>"; };
/* End PBXFileReference section */

/* Begin PBXFrameworksBuildPhase section */
		5632E6462AA577FD00728F87 /* Frameworks */ = {
			isa = PBXFrameworksBuildPhase;
			buildActionMask = 2147483647;
			files = (
			);
			runOnlyForDeploymentPostprocessing = 0;
		};
		5632E65C2AA5780100728F87 /* Frameworks */ = {
			isa = PBXFrameworksBuildPhase;
			buildActionMask = 2147483647;
			files = (
			);
			runOnlyForDeploymentPostprocessing = 0;
		};
		5632E6662AA5780100728F87 /* Frameworks */ = {
			isa = PBXFrameworksBuildPhase;
			buildActionMask = 2147483647;
			files = (
			);
			runOnlyForDeploymentPostprocessing = 0;
		};
/* End PBXFrameworksBuildPhase section */

/* Begin PBXGroup section */
		5632E6402AA577FD00728F87 = {
			isa = PBXGroup;
			children = (
				5632E64B2AA577FD00728F87 /* MyTube */,
				5632E6622AA5780100728F87 /* MyTubeTests */,
				5632E66C2AA5780100728F87 /* MyTubeUITests */,
				5632E64A2AA577FD00728F87 /* Products */,
			);
			sourceTree = "<group>";
		};
		5632E64A2AA577FD00728F87 /* Products */ = {
			isa = PBXGroup;
			children = (
				5632E6492AA577FD00728F87 /* MyTube.app */,
				5632E65F2AA5780100728F87 /* MyTubeTests.xctest */,
				5632E6692AA5780100728F87 /* MyTubeUITests.xctest */,
			);
			name = Products;
			sourceTree = "<group>";
		};
		5632E64B2AA577FD00728F87 /* MyTube */ = {
			isa = PBXGroup;
			children = (
				5632E64C2AA577FD00728F87 /* AppDelegate.swift */,
				5632E64E2AA577FD00728F87 /* SceneDelegate.swift */,
				5632E6502AA577FD00728F87 /* ViewController.swift */,
				5632E6522AA577FD00728F87 /* Main.storyboard */,
				5632E6552AA5780100728F87 /* Assets.xcassets */,
				5632E6572AA5780100728F87 /* LaunchScreen.storyboard */,
				5632E65A2AA5780100728F87 /* Info.plist */,
			);
			path = MyTube;
			sourceTree = "<group>";
		};
		5632E6622AA5780100728F87 /* MyTubeTests */ = {
			isa = PBXGroup;
			children = (
				5632E6632AA5780100728F87 /* MyTubeTests.swift */,
			);
			path = MyTubeTests;
			sourceTree = "<group>";
		};
		5632E66C2AA5780100728F87 /* MyTubeUITests */ = {
			isa = PBXGroup;
			children = (
				5632E66D2AA5780100728F87 /* MyTubeUITests.swift */,
				5632E66F2AA5780100728F87 /* MyTubeUITestsLaunchTests.swift */,
			);
			path = MyTubeUITests;
			sourceTree = "<group>";
		};
/* End PBXGroup section */

/* Begin PBXNativeTarget section */
		5632E6482AA577FD00728F87 /* MyTube */ = {
			isa = PBXNativeTarget;
			buildConfigurationList = 5632E6732AA5780100728F87 /* Build configuration list for PBXNativeTarget "MyTube" */;
			buildPhases = (
				5632E6452AA577FD00728F87 /* Sources */,
				5632E6462AA577FD00728F87 /* Frameworks */,
				5632E6472AA577FD00728F87 /* Resources */,
			);
			buildRules = (
			);
			dependencies = (
			);
			name = MyTube;
			productName = MyTube;
			productReference = 5632E6492AA577FD00728F87 /* MyTube.app */;
			productType = "com.apple.product-type.application";
		};
		5632E65E2AA5780100728F87 /* MyTubeTests */ = {
			isa = PBXNativeTarget;
			buildConfigurationList = 5632E6762AA5780100728F87 /* Build configuration list for PBXNativeTarget "MyTubeTests" */;
			buildPhases = (
				5632E65B2AA5780100728F87 /* Sources */,
				5632E65C2AA5780100728F87 /* Frameworks */,
				5632E65D2AA5780100728F87 /* Resources */,
			);
			buildRules = (
			);
			dependencies = (
				5632E6612AA5780100728F87 /* PBXTargetDependency */,
			);
			name = MyTubeTests;
			productName = MyTubeTests;
			productReference = 5632E65F2AA5780100728F87 /* MyTubeTests.xctest */;
			productType = "com.apple.product-type.bundle.unit-test";
		};
		5632E6682AA5780100728F87 /* MyTubeUITests */ = {
			isa = PBXNativeTarget;
			buildConfigurationList = 5632E6792AA5780100728F87 /* Build configuration list for PBXNativeTarget "MyTubeUITests" */;
			buildPhases = (
				5632E6652AA5780100728F87 /* Sources */,
				5632E6662AA5780100728F87 /* Frameworks */,
				5632E6672AA5780100728F87 /* Resources */,
			);
			buildRules = (
			);
			dependencies = (
				5632E66B2AA5780100728F87 /* PBXTargetDependency */,
			);
			name = MyTubeUITests;
			productName = MyTubeUITests;
			productReference = 5632E6692AA5780100728F87 /* MyTubeUITests.xctest */;
			productType = "com.apple.product-type.bundle.ui-testing";
		};
/* End PBXNativeTarget section */

/* Begin PBXProject section */
		5632E6412AA577FD00728F87 /* Project object */ = {
			isa = PBXProject;
			attributes = {
				BuildIndependentTargetsInParallel = 1;
				LastSwiftUpdateCheck = 1430;
				LastUpgradeCheck = 1430;
				TargetAttributes = {
					5632E6482AA577FD00728F87 = {
						CreatedOnToolsVersion = 14.3;
					};
					5632E65E2AA5780100728F87 = {
						CreatedOnToolsVersion = 14.3;
						TestTargetID = 5632E6482AA577FD00728F87;
					};
					5632E6682AA5780100728F87 = {
						CreatedOnToolsVersion = 14.3;
						TestTargetID = 5632E6482AA577FD00728F87;
					};
				};
			};
			buildConfigurationList = 5632E6442AA577FD00728F87 /* Build configuration list for PBXProject "MyTube" */;
			compatibilityVersion = "Xcode 14.0";
			developmentRegion = en;
			hasScannedForEncodings = 0;
			knownRegions = (
				en,
				Base,
			);
			mainGroup = 5632E6402AA577FD00728F87;
			productRefGroup = 5632E64A2AA577FD00728F87 /* Products */;
			projectDirPath = "";
			projectRoot = "";
			targets = (
				5632E6482AA577FD00728F87 /* MyTube */,
				5632E65E2AA5780100728F87 /* MyTubeTests */,
				5632E6682AA5780100728F87 /* MyTubeUITests */,
			);
		};
/* End PBXProject section */

/* Begin PBXResourcesBuildPhase section */
		5632E6472AA577FD00728F87 /* Resources */ = {
			isa = PBXResourcesBuildPhase;
			buildActionMask = 2147483647;
			files = (
				5632E6592AA5780100728F87 /* LaunchScreen.storyboard in Resources */,
				5632E6562AA5780100728F87 /* Assets.xcassets in Resources */,
				5632E6542AA577FD00728F87 /* Main.storyboard in Resources */,
			);
			runOnlyForDeploymentPostprocessing = 0;
		};
		5632E65D2AA5780100728F87 /* Resources */ = {
			isa = PBXResourcesBuildPhase;
			buildActionMask = 2147483647;
			files = (
			);
			runOnlyForDeploymentPostprocessing = 0;
		};
		5632E6672AA5780100728F87 /* Resources */ = {
			isa = PBXResourcesBuildPhase;
			buildActionMask = 2147483647;
			files = (
			);
			runOnlyForDeploymentPostprocessing = 0;
		};
/* End PBXResourcesBuildPhase section */

/* Begin PBXSourcesBuildPhase section */
		5632E6452AA577FD00728F87 /* Sources */ = {
			isa = PBXSourcesBuildPhase;
			buildActionMask = 2147483647;
			files = (
				5632E6512AA577FD00728F87 /* ViewController.swift in Sources */,
				5632E64D2AA577FD00728F87 /* AppDelegate.swift in Sources */,
				5632E64F2AA577FD00728F87 /* SceneDelegate.swift in Sources */,
			);
			runOnlyForDeploymentPostprocessing = 0;
		};
		5632E65B2AA5780100728F87 /* Sources */ = {
			isa = PBXSourcesBuildPhase;
			buildActionMask = 2147483647;
			files = (
				5632E6642AA5780100728F87 /* MyTubeTests.swift in Sources */,
			);
			runOnlyForDeploymentPostprocessing = 0;
		};
		5632E6652AA5780100728F87 /* Sources */ = {
			isa = PBXSourcesBuildPhase;
			buildActionMask = 2147483647;
			files = (
				5632E6702AA5780100728F87 /* MyTubeUITestsLaunchTests.swift in Sources */,
				5632E66E2AA5780100728F87 /* MyTubeUITests.swift in Sources */,
			);
			runOnlyForDeploymentPostprocessing = 0;
		};
/* End PBXSourcesBuildPhase section */

/* Begin PBXTargetDependency section */
		5632E6612AA5780100728F87 /* PBXTargetDependency */ = {
			isa = PBXTargetDependency;
			target = 5632E6482AA577FD00728F87 /* MyTube */;
			targetProxy = 5632E6602AA5780100728F87 /* PBXContainerItemProxy */;
		};
		5632E66B2AA5780100728F87 /* PBXTargetDependency */ = {
			isa = PBXTargetDependency;
			target = 5632E6482AA577FD00728F87 /* MyTube */;
			targetProxy = 5632E66A2AA5780100728F87 /* PBXContainerItemProxy */;
		};
/* End PBXTargetDependency section */

/* Begin PBXVariantGroup section */
		5632E6522AA577FD00728F87 /* Main.storyboard */ = {
			isa = PBXVariantGroup;
			children = (
				5632E6532AA577FD00728F87 /* Base */,
			);
			name = Main.storyboard;
			sourceTree = "<group>";
		};
		5632E6572AA5780100728F87 /* LaunchScreen.storyboard */ = {
			isa = PBXVariantGroup;
			children = (
				5632E6582AA5780100728F87 /* Base */,
			);
			name = LaunchScreen.storyboard;
			sourceTree = "<group>";
		};
/* End PBXVariantGroup section */

/* Begin XCBuildConfiguration section */
		5632E6712AA5780100728F87 /* Debug */ = {
			isa = XCBuildConfiguration;
			buildSettings = {
				ALWAYS_SEARCH_USER_PATHS = NO;
				CLANG_ANALYZER_NONNULL = YES;
				CLANG_ANALYZER_NUMBER_OBJECT_CONVERSION = YES_AGGRESSIVE;
				CLANG_CXX_LANGUAGE_STANDARD = "gnu++20";
				CLANG_ENABLE_MODULES = YES;
				CLANG_ENABLE_OBJC_ARC = YES;
				CLANG_ENABLE_OBJC_WEAK = YES;
				CLANG_WARN_BLOCK_CAPTURE_AUTORELEASING = YES;
				CLANG_WARN_BOOL_CONVERSION = YES;
				CLANG_WARN_COMMA = YES;
				CLANG_WARN_CONSTANT_CONVERSION = YES;
				CLANG_WARN_DEPRECATED_OBJC_IMPLEMENTATIONS = YES;
				CLANG_WARN_DIRECT_OBJC_ISA_USAGE = YES_ERROR;
				CLANG_WARN_DOCUMENTATION_COMMENTS = YES;
				CLANG_WARN_EMPTY_BODY = YES;
				CLANG_WARN_ENUM_CONVERSION = YES;
				CLANG_WARN_INFINITE_RECURSION = YES;
				CLANG_WARN_INT_CONVERSION = YES;
				CLANG_WARN_NON_LITERAL_NULL_CONVERSION = YES;
				CLANG_WARN_OBJC_IMPLICIT_RETAIN_SELF = YES;
				CLANG_WARN_OBJC_LITERAL_CONVERSION = YES;
				CLANG_WARN_OBJC_ROOT_CLASS = YES_ERROR;
				CLANG_WARN_QUOTED_INCLUDE_IN_FRAMEWORK_HEADER = YES;
				CLANG_WARN_RANGE_LOOP_ANALYSIS = YES;
				CLANG_WARN_STRICT_PROTOTYPES = YES;
				CLANG_WARN_SUSPICIOUS_MOVE = YES;
				CLANG_WARN_UNGUARDED_AVAILABILITY = YES_AGGRESSIVE;
				CLANG_WARN_UNREACHABLE_CODE = YES;
				CLANG_WARN__DUPLICATE_METHOD_MATCH = YES;
				COPY_PHASE_STRIP = NO;
				DEBUG_INFORMATION_FORMAT = dwarf;
				ENABLE_STRICT_OBJC_MSGSEND = YES;
				ENABLE_TESTABILITY = YES;
				GCC_C_LANGUAGE_STANDARD = gnu11;
				GCC_DYNAMIC_NO_PIC = NO;
				GCC_NO_COMMON_BLOCKS = YES;
				GCC_OPTIMIZATION_LEVEL = 0;
				GCC_PREPROCESSOR_DEFINITIONS = (
					"DEBUG=1",
					"$(inherited)",
				);
				GCC_WARN_64_TO_32_BIT_CONVERSION = YES;
				GCC_WARN_ABOUT_RETURN_TYPE = YES_ERROR;
				GCC_WARN_UNDECLARED_SELECTOR = YES;
				GCC_WARN_UNINITIALIZED_AUTOS = YES_AGGRESSIVE;
				GCC_WARN_UNUSED_FUNCTION = YES;
				GCC_WARN_UNUSED_VARIABLE = YES;
				IPHONEOS_DEPLOYMENT_TARGET = 16.4;
				MTL_ENABLE_DEBUG_INFO = INCLUDE_SOURCE;
				MTL_FAST_MATH = YES;
				ONLY_ACTIVE_ARCH = YES;
				SDKROOT = iphoneos;
				SWIFT_ACTIVE_COMPILATION_CONDITIONS = DEBUG;
				SWIFT_OPTIMIZATION_LEVEL = "-Onone";
			};
			name = Debug;
		};
		5632E6722AA5780100728F87 /* Release */ = {
			isa = XCBuildConfiguration;
			buildSettings = {
				ALWAYS_SEARCH_USER_PATHS = NO;
				CLANG_ANALYZER_NONNULL = YES;
				CLANG_ANALYZER_NUMBER_OBJECT_CONVERSION = YES_AGGRESSIVE;
				CLANG_CXX_LANGUAGE_STANDARD = "gnu++20";
				CLANG_ENABLE_MODULES = YES;
				CLANG_ENABLE_OBJC_ARC = YES;
				CLANG_ENABLE_OBJC_WEAK = YES;
				CLANG_WARN_BLOCK_CAPTURE_AUTORELEASING = YES;
				CLANG_WARN_BOOL_CONVERSION = YES;
				CLANG_WARN_COMMA = YES;
				CLANG_WARN_CONSTANT_CONVERSION = YES;
				CLANG_WARN_DEPRECATED_OBJC_IMPLEMENTATIONS = YES;
				CLANG_WARN_DIRECT_OBJC_ISA_USAGE = YES_ERROR;
				CLANG_WARN_DOCUMENTATION_COMMENTS = YES;
				CLANG_WARN_EMPTY_BODY = YES;
				CLANG_WARN_ENUM_CONVERSION = YES;
				CLANG_WARN_INFINITE_RECURSION = YES;
				CLANG_WARN_INT_CONVERSION = YES;
				CLANG_WARN_NON_LITERAL_NULL_CONVERSION = YES;
				CLANG_WARN_OBJC_IMPLICIT_RETAIN_SELF = YES;
				CLANG_WARN_OBJC_LITERAL_CONVERSION = YES;
				CLANG_WARN_OBJC_ROOT_CLASS = YES_ERROR;
				CLANG_WARN_QUOTED_INCLUDE_IN_FRAMEWORK_HEADER = YES;
				CLANG_WARN_RANGE_LOOP_ANALYSIS = YES;
				CLANG_WARN_STRICT_PROTOTYPES = YES;
				CLANG_WARN_SUSPICIOUS_MOVE = YES;
				CLANG_WARN_UNGUARDED_AVAILABILITY = YES_AGGRESSIVE;
				CLANG_WARN_UNREACHABLE_CODE = YES;
				CLANG_WARN__DUPLICATE_METHOD_MATCH = YES;
				COPY_PHASE_STRIP = NO;
				DEBUG_INFORMATION_FORMAT = "dwarf-with-dsym";
				ENABLE_NS_ASSERTIONS = NO;
				ENABLE_STRICT_OBJC_MSGSEND = YES;
				GCC_C_LANGUAGE_STANDARD = gnu11;
				GCC_NO_COMMON_BLOCKS = YES;
				GCC_WARN_64_TO_32_BIT_CONVERSION = YES;
				GCC_WARN_ABOUT_RETURN_TYPE = YES_ERROR;
				GCC_WARN_UNDECLARED_SELECTOR = YES;
				GCC_WARN_UNINITIALIZED_AUTOS = YES_AGGRESSIVE;
				GCC_WARN_UNUSED_FUNCTION = YES;
				GCC_WARN_UNUSED_VARIABLE = YES;
				IPHONEOS_DEPLOYMENT_TARGET = 16.4;
				MTL_ENABLE_DEBUG_INFO = NO;
				MTL_FAST_MATH = YES;
				SDKROOT = iphoneos;
				SWIFT_COMPILATION_MODE = wholemodule;
				SWIFT_OPTIMIZATION_LEVEL = "-O";
				VALIDATE_PRODUCT = YES;
			};
			name = Release;
		};
		5632E6742AA5780100728F87 /* Debug */ = {
			isa = XCBuildConfiguration;
			buildSettings = {
				ASSETCATALOG_COMPILER_APPICON_NAME = AppIcon;
				ASSETCATALOG_COMPILER_GLOBAL_ACCENT_COLOR_NAME = AccentColor;
				CODE_SIGN_STYLE = Automatic;
				CURRENT_PROJECT_VERSION = 1;
				DEVELOPMENT_TEAM = YRZW7MZ3P5;
				GENERATE_INFOPLIST_FILE = YES;
				INFOPLIST_FILE = MyTube/Info.plist;
				INFOPLIST_KEY_UIApplicationSupportsIndirectInputEvents = YES;
				INFOPLIST_KEY_UILaunchStoryboardName = LaunchScreen;
				INFOPLIST_KEY_UIMainStoryboardFile = Main;
				INFOPLIST_KEY_UISupportedInterfaceOrientations_iPad = "UIInterfaceOrientationPortrait UIInterfaceOrientationPortraitUpsideDown UIInterfaceOrientationLandscapeLeft UIInterfaceOrientationLandscapeRight";
				INFOPLIST_KEY_UISupportedInterfaceOrientations_iPhone = "UIInterfaceOrientationPortrait UIInterfaceOrientationLandscapeLeft UIInterfaceOrientationLandscapeRight";
				LD_RUNPATH_SEARCH_PATHS = (
					"$(inherited)",
					"@executable_path/Frameworks",
				);
				MARKETING_VERSION = 1.0;
				PRODUCT_BUNDLE_IDENTIFIER = com.jingni.MyTube;
				PRODUCT_NAME = "$(TARGET_NAME)";
				SWIFT_EMIT_LOC_STRINGS = YES;
				SWIFT_VERSION = 5.0;
				TARGETED_DEVICE_FAMILY = "1,2";
			};
			name = Debug;
		};
		5632E6752AA5780100728F87 /* Release */ = {
			isa = XCBuildConfiguration;
			buildSettings = {
				ASSETCATALOG_COMPILER_APPICON_NAME = AppIcon;
				ASSETCATALOG_COMPILER_GLOBAL_ACCENT_COLOR_NAME = AccentColor;
				CODE_SIGN_STYLE = Automatic;
				CURRENT_PROJECT_VERSION = 1;
				DEVELOPMENT_TEAM = YRZW7MZ3P5;
				GENERATE_INFOPLIST_FILE = YES;
				INFOPLIST_FILE = MyTube/Info.plist;
				INFOPLIST_KEY_UIApplicationSupportsIndirectInputEvents = YES;
				INFOPLIST_KEY_UILaunchStoryboardName = LaunchScreen;
				INFOPLIST_KEY_UIMainStoryboardFile = Main;
				INFOPLIST_KEY_UISupportedInterfaceOrientations_iPad = "UIInterfaceOrientationPortrait UIInterfaceOrientationPortraitUpsideDown UIInterfaceOrientationLandscapeLeft UIInterfaceOrientationLandscapeRight";
				INFOPLIST_KEY_UISupportedInterfaceOrientations_iPhone = "UIInterfaceOrientationPortrait UIInterfaceOrientationLandscapeLeft UIInterfaceOrientationLandscapeRight";
				LD_RUNPATH_SEARCH_PATHS = (
					"$(inherited)",
					"@executable_path/Frameworks",
				);
				MARKETING_VERSION = 1.0;
				PRODUCT_BUNDLE_IDENTIFIER = com.jingni.MyTube;
				PRODUCT_NAME = "$(TARGET_NAME)";
				SWIFT_EMIT_LOC_STRINGS = YES;
				SWIFT_VERSION = 5.0;
				TARGETED_DEVICE_FAMILY = "1,2";
			};
			name = Release;
		};
		5632E6772AA5780100728F87 /* Debug */ = {
			isa = XCBuildConfiguration;
			buildSettings = {
				ALWAYS_EMBED_SWIFT_STANDARD_LIBRARIES = YES;
				BUNDLE_LOADER = "$(TEST_HOST)";
				CODE_SIGN_STYLE = Automatic;
				CURRENT_PROJECT_VERSION = 1;
				DEVELOPMENT_TEAM = YRZW7MZ3P5;
				GENERATE_INFOPLIST_FILE = YES;
				IPHONEOS_DEPLOYMENT_TARGET = 16.4;
				MARKETING_VERSION = 1.0;
				PRODUCT_BUNDLE_IDENTIFIER = com.jingni.MyTubeTests;
				PRODUCT_NAME = "$(TARGET_NAME)";
				SWIFT_EMIT_LOC_STRINGS = NO;
				SWIFT_VERSION = 5.0;
				TARGETED_DEVICE_FAMILY = "1,2";
				TEST_HOST = "$(BUILT_PRODUCTS_DIR)/MyTube.app/$(BUNDLE_EXECUTABLE_FOLDER_PATH)/MyTube";
			};
			name = Debug;
		};
		5632E6782AA5780100728F87 /* Release */ = {
			isa = XCBuildConfiguration;
			buildSettings = {
				ALWAYS_EMBED_SWIFT_STANDARD_LIBRARIES = YES;
				BUNDLE_LOADER = "$(TEST_HOST)";
				CODE_SIGN_STYLE = Automatic;
				CURRENT_PROJECT_VERSION = 1;
				DEVELOPMENT_TEAM = YRZW7MZ3P5;
				GENERATE_INFOPLIST_FILE = YES;
				IPHONEOS_DEPLOYMENT_TARGET = 16.4;
				MARKETING_VERSION = 1.0;
				PRODUCT_BUNDLE_IDENTIFIER = com.jingni.MyTubeTests;
				PRODUCT_NAME = "$(TARGET_NAME)";
				SWIFT_EMIT_LOC_STRINGS = NO;
				SWIFT_VERSION = 5.0;
				TARGETED_DEVICE_FAMILY = "1,2";
				TEST_HOST = "$(BUILT_PRODUCTS_DIR)/MyTube.app/$(BUNDLE_EXECUTABLE_FOLDER_PATH)/MyTube";
			};
			name = Release;
		};
		5632E67A2AA5780100728F87 /* Debug */ = {
			isa = XCBuildConfiguration;
			buildSettings = {
				ALWAYS_EMBED_SWIFT_STANDARD_LIBRARIES = YES;
				CODE_SIGN_STYLE = Automatic;
				CURRENT_PROJECT_VERSION = 1;
				DEVELOPMENT_TEAM = YRZW7MZ3P5;
				GENERATE_INFOPLIST_FILE = YES;
				MARKETING_VERSION = 1.0;
				PRODUCT_BUNDLE_IDENTIFIER = com.jingni.MyTubeUITests;
				PRODUCT_NAME = "$(TARGET_NAME)";
				SWIFT_EMIT_LOC_STRINGS = NO;
				SWIFT_VERSION = 5.0;
				TARGETED_DEVICE_FAMILY = "1,2";
				TEST_TARGET_NAME = MyTube;
			};
			name = Debug;
		};
		5632E67B2AA5780100728F87 /* Release */ = {
			isa = XCBuildConfiguration;
			buildSettings = {
				ALWAYS_EMBED_SWIFT_STANDARD_LIBRARIES = YES;
				CODE_SIGN_STYLE = Automatic;
				CURRENT_PROJECT_VERSION = 1;
				DEVELOPMENT_TEAM = YRZW7MZ3P5;
				GENERATE_INFOPLIST_FILE = YES;
				MARKETING_VERSION = 1.0;
				PRODUCT_BUNDLE_IDENTIFIER = com.jingni.MyTubeUITests;
				PRODUCT_NAME = "$(TARGET_NAME)";
				SWIFT_EMIT_LOC_STRINGS = NO;
				SWIFT_VERSION = 5.0;
				TARGETED_DEVICE_FAMILY = "1,2";
				TEST_TARGET_NAME = MyTube;
			};
			name = Release;
		};
/* End XCBuildConfiguration section */

/* Begin XCConfigurationList section */
		5632E6442AA577FD00728F87 /* Build configuration list for PBXProject "MyTube" */ = {
			isa = XCConfigurationList;
			buildConfigurations = (
				5632E6712AA5780100728F87 /* Debug */,
				5632E6722AA5780100728F87 /* Release */,
			);
			defaultConfigurationIsVisible = 0;
			defaultConfigurationName = Release;
		};
		5632E6732AA5780100728F87 /* Build configuration list for PBXNativeTarget "MyTube" */ = {
			isa = XCConfigurationList;
			buildConfigurations = (
				5632E6742AA5780100728F87 /* Debug */,
				5632E6752AA5780100728F87 /* Release */,
			);
			defaultConfigurationIsVisible = 0;
			defaultConfigurationName = Release;
		};
		5632E6762AA5780100728F87 /* Build configuration list for PBXNativeTarget "MyTubeTests" */ = {
			isa = XCConfigurationList;
			buildConfigurations = (
				5632E6772AA5780100728F87 /* Debug */,
				5632E6782AA5780100728F87 /* Release */,
			);
			defaultConfigurationIsVisible = 0;
			defaultConfigurationName = Release;
		};
		5632E6792AA5780100728F87 /* Build configuration list for PBXNativeTarget "MyTubeUITests" */ = {
			isa = XCConfigurationList;
			buildConfigurations = (
				5632E67A2AA5780100728F87 /* Debug */,
				5632E67B2AA5780100728F87 /* Release */,
			);
			defaultConfigurationIsVisible = 0;
			defaultConfigurationName = Release;
		};
/* End XCConfigurationList section */
	};
	rootObject = 5632E6412AA577FD00728F87 /* Project object */;
}
